
Microsoft Visual Studio Solution File, Format Version 12.00
# Visual Studio Version 16
VisualStudioVersion = 16.0.30717.126
MinimumVisualStudioVersion = 10.0.40219.1
Project("{FAE04EC0-301F-11D3-BF4B-00C04F79EFBC}") = "GlobalKineticAssessment", "GlobalKineticAssessment\GlobalKineticAssessment.csproj", "{838DBEA1-DDBE-42B8-BD24-7616B75781D0}"
EndProject
Project("{FAE04EC0-301F-11D3-BF4B-00C04F79EFBC}") = "Tests", "Tests\Tests.csproj", "{BCF3941E-E012-4202-B9D6-BE23ADDDEC5F}"
EndProject
Global
	GlobalSection(SolutionConfigurationPlatforms) = preSolution
		Debug|Any CPU = Debug|Any CPU
		Release|Any CPU = Release|Any CPU
	EndGlobalSection
	GlobalSection(ProjectConfigurationPlatforms) = postSolution
		{838DBEA1-DDBE-42B8-BD24-7616B75781D0}.Debug|Any CPU.ActiveCfg = Debug|Any CPU
		{838DBEA1-DDBE-42B8-BD24-7616B75781D0}.Debug|Any CPU.Build.0 = Debug|Any CPU
		{838DBEA1-DDBE-42B8-BD24-7616B75781D0}.Release|Any CPU.ActiveCfg = Release|Any CPU
		{838DBEA1-DDBE-42B8-BD24-7616B75781D0}.Release|Any CPU.Build.0 = Release|Any CPU
		{BCF3941E-E012-4202-B9D6-BE23ADDDEC5F}.Debug|Any CPU.ActiveCfg = Debug|Any CPU
		{BCF3941E-E012-4202-B9D6-BE23ADDDEC5F}.Debug|Any CPU.Build.0 = Debug|Any CPU
		{BCF3941E-E012-4202-B9D6-BE23ADDDEC5F}.Release|Any CPU.ActiveCfg = Release|Any CPU
		{BCF3941E-E012-4202-B9D6-BE23ADDDEC5F}.Release|Any CPU.Build.0 = Release|Any CPU
	EndGlobalSection
	GlobalSection(SolutionProperties) = preSolution
		HideSolutionNode = FALSE
	EndGlobalSection
	GlobalSection(ExtensibilityGlobals) = postSolution
		SolutionGuid = {276F3958-BB9C-4806-8F78-A1F93940CA28}
	EndGlobalSection
EndGlobal
